dependencies:
- name: postgresql
  repository: https://charts.bitnami.com/bitnami
  version: 11.9.5
- name: cassandra
  repository: https://charts.bitnami.com/bitnami
  version: 9.7.6
digest: sha256:e69d7a985cc21fb14e61fcb651e412d6a7d0fa0bc5e5ecde56dbc2c2d01855ec
generated: "2023-01-19T20:49:48.565065+05:30"
